github.com/go-gilbert/gilbert-sdk v0.7.0 h1:EiYJ9AyclA6dZCGa/hCXCrWGynl+ksJFzN0urmmzNFM=
github.com/go-gilbert/gilbert-sdk v0.7.0/go.mod h1:u6Q5eVdx1SCUMCpn9XtcHktE/Adjy+Qjbyu6p3NNVNY=
github.com/go-gilbert/gilbert-sdk v0.8.1 h1:UYYAAzGim2PetrNeSi1cRRSppnalyCNPt3Xu5hl07SQ=
github.com/go-gilbert/gilbert-sdk v0.8.1/go.mod h1:u6Q5eVdx1SCUMCpn9XtcHktE/Adjy+Qjbyu6p3NNVNY=
github.com/go-gilbert/gilbert-sdk v0.8.2 h1:45wKd2XfaCe7GFOaIFIZeshANN9w7s5lzXRQ+G6WJR4=
github.com/go-gilbert/gilbert-sdk v0.8.2/go.mod h1:u6Q5eVdx1SCUMCpn9XtcHktE/Adjy+Qjbyu6p3NNVNY=
github.com/go-gilbert/gilbert-sdk v0.8.3 h1:pPU+YrEO/UwOEe3XbKbKlokLuvd458fBNzpnBf0D9U0=
github.com/go-gilbert/gilbert-sdk v0.8.3/go.mod h1:u6Q5eVdx1SCUMCpn9XtcHktE/Adjy+Qjbyu6p3NNVNY=
github.com/mitchellh/mapstructure v1.1.2 h1:fmNYVwqnSfB9mZU6OS2O6GsXM+wcskZDuKQzvN1EDeE=
github.com/mitchellh/mapstructure v1.1.2/go.mod h1:FVVH3fgwuzCH5S8UJGiWEs2h04kUh9fWfEaFds41c1Y=
