github.com/go-gilbert/gilbert-sdk v0.7.0 h1:EiYJ9AyclA6dZCGa/hCXCrWGynl+ksJFzN0urmmzNFM=
github.com/go-gilbert/gilbert-sdk v0.7.0/go.mod h1:u6Q5eVdx1SCUMCpn9XtcHktE/Adjy+Qjbyu6p3NNVNY=
github.com/mitchellh/mapstructure v1.1.2 h1:fmNYVwqnSfB9mZU6OS2O6GsXM+wcskZDuKQzvN1EDeE=
github.com/mitchellh/mapstructure v1.1.2/go.mod h1:FVVH3fgwuzCH5S8UJGiWEs2h04kUh9fWfEaFds41c1Y=
